
Microsoft Visual Studio Solution File, Format Version 12.00
# Visual Studio Version 16
VisualStudioVersion = 16.0.30114.105
MinimumVisualStudioVersion = 10.0.40219.1
Project("{2150E333-8FDC-42A3-9474-1A3956D46DE8}") = "src", "src", "{08B6E81C-E20A-4A91-86A6-B3CEAC33DE28}"
EndProject
Project("{FAE04EC0-301F-11D3-BF4B-00C04F79EFBC}") = "PetDream.Api", "src\PetDream.Api\PetDream.Api.csproj", "{505CB818-CDCB-45CA-AEE1-499CADFF4865}"
EndProject
Project("{FAE04EC0-301F-11D3-BF4B-00C04F79EFBC}") = "PetDream.Application", "src\PetDream.Application\PetDream.Application.csproj", "{84971769-EFBE-4422-8BA0-B6C79F654A65}"
EndProject
Project("{FAE04EC0-301F-11D3-BF4B-00C04F79EFBC}") = "PetDream.Domain", "src\PetDream.Domain\PetDream.Domain.csproj", "{8EAD097C-7EDD-4745-848E-FEDCE15EDA74}"
EndProject
Project("{FAE04EC0-301F-11D3-BF4B-00C04F79EFBC}") = "PetDream.Infra.Data", "src\PetDream.Infra.Data\PetDream.Infra.Data.csproj", "{92C84569-ECA4-4B0F-8463-909D58D78F02}"
EndProject
Project("{FAE04EC0-301F-11D3-BF4B-00C04F79EFBC}") = "PetDream.Infra.IoC", "src\PetDream.Infra.IoC\PetDream.Infra.IoC.csproj", "{C8BA2F0A-D909-40F8-BD79-AC6BD2FDC3BC}"
EndProject
Project("{2150E333-8FDC-42A3-9474-1A3956D46DE8}") = "test", "test", "{9E51528D-5BF8-4379-995C-FE9E70EE6205}"
EndProject
Project("{FAE04EC0-301F-11D3-BF4B-00C04F79EFBC}") = "PetDream.Domain.Tests", "test\PetDream.Domain.Tests\PetDream.Domain.Tests.csproj", "{6F225614-426A-46BA-A39D-47B13A7EFAB1}"
EndProject
Project("{FAE04EC0-301F-11D3-BF4B-00C04F79EFBC}") = "PetDream.Infra.Data.Tests", "test\PetDream.Infra.Data.Tests\PetDream.Infra.Data.Tests.csproj", "{70A90092-F4AD-4E22-B508-42463F14829E}"
EndProject
Project("{FAE04EC0-301F-11D3-BF4B-00C04F79EFBC}") = "PetDream.Api.Tests", "test\PetDream.Api.Tests\PetDream.Api.Tests.csproj", "{B962E6FE-DD4F-4433-865F-B41BEB5DAEAB}"
EndProject
Global
	GlobalSection(SolutionConfigurationPlatforms) = preSolution
		Debug|Any CPU = Debug|Any CPU
		Debug|x64 = Debug|x64
		Debug|x86 = Debug|x86
		Release|Any CPU = Release|Any CPU
		Release|x64 = Release|x64
		Release|x86 = Release|x86
	EndGlobalSection
	GlobalSection(SolutionProperties) = preSolution
		HideSolutionNode = FALSE
	EndGlobalSection
	GlobalSection(ProjectConfigurationPlatforms) = postSolution
		{505CB818-CDCB-45CA-AEE1-499CADFF4865}.Debug|Any CPU.ActiveCfg = Debug|Any CPU
		{505CB818-CDCB-45CA-AEE1-499CADFF4865}.Debug|Any CPU.Build.0 = Debug|Any CPU
		{505CB818-CDCB-45CA-AEE1-499CADFF4865}.Debug|x64.ActiveCfg = Debug|Any CPU
		{505CB818-CDCB-45CA-AEE1-499CADFF4865}.Debug|x64.Build.0 = Debug|Any CPU
		{505CB818-CDCB-45CA-AEE1-499CADFF4865}.Debug|x86.ActiveCfg = Debug|Any CPU
		{505CB818-CDCB-45CA-AEE1-499CADFF4865}.Debug|x86.Build.0 = Debug|Any CPU
		{505CB818-CDCB-45CA-AEE1-499CADFF4865}.Release|Any CPU.ActiveCfg = Release|Any CPU
		{505CB818-CDCB-45CA-AEE1-499CADFF4865}.Release|Any CPU.Build.0 = Release|Any CPU
		{505CB818-CDCB-45CA-AEE1-499CADFF4865}.Release|x64.ActiveCfg = Release|Any CPU
		{505CB818-CDCB-45CA-AEE1-499CADFF4865}.Release|x64.Build.0 = Release|Any CPU
		{505CB818-CDCB-45CA-AEE1-499CADFF4865}.Release|x86.ActiveCfg = Release|Any CPU
		{505CB818-CDCB-45CA-AEE1-499CADFF4865}.Release|x86.Build.0 = Release|Any CPU
		{84971769-EFBE-4422-8BA0-B6C79F654A65}.Debug|Any CPU.ActiveCfg = Debug|Any CPU
		{84971769-EFBE-4422-8BA0-B6C79F654A65}.Debug|Any CPU.Build.0 = Debug|Any CPU
		{84971769-EFBE-4422-8BA0-B6C79F654A65}.Debug|x64.ActiveCfg = Debug|Any CPU
		{84971769-EFBE-4422-8BA0-B6C79F654A65}.Debug|x64.Build.0 = Debug|Any CPU
		{84971769-EFBE-4422-8BA0-B6C79F654A65}.Debug|x86.ActiveCfg = Debug|Any CPU
		{84971769-EFBE-4422-8BA0-B6C79F654A65}.Debug|x86.Build.0 = Debug|Any CPU
		{84971769-EFBE-4422-8BA0-B6C79F654A65}.Release|Any CPU.ActiveCfg = Release|Any CPU
		{84971769-EFBE-4422-8BA0-B6C79F654A65}.Release|Any CPU.Build.0 = Release|Any CPU
		{84971769-EFBE-4422-8BA0-B6C79F654A65}.Release|x64.ActiveCfg = Release|Any CPU
		{84971769-EFBE-4422-8BA0-B6C79F654A65}.Release|x64.Build.0 = Release|Any CPU
		{84971769-EFBE-4422-8BA0-B6C79F654A65}.Release|x86.ActiveCfg = Release|Any CPU
		{84971769-EFBE-4422-8BA0-B6C79F654A65}.Release|x86.Build.0 = Release|Any CPU
		{8EAD097C-7EDD-4745-848E-FEDCE15EDA74}.Debug|Any CPU.ActiveCfg = Debug|Any CPU
		{8EAD097C-7EDD-4745-848E-FEDCE15EDA74}.Debug|Any CPU.Build.0 = Debug|Any CPU
		{8EAD097C-7EDD-4745-848E-FEDCE15EDA74}.Debug|x64.ActiveCfg = Debug|Any CPU
		{8EAD097C-7EDD-4745-848E-FEDCE15EDA74}.Debug|x64.Build.0 = Debug|Any CPU
		{8EAD097C-7EDD-4745-848E-FEDCE15EDA74}.Debug|x86.ActiveCfg = Debug|Any CPU
		{8EAD097C-7EDD-4745-848E-FEDCE15EDA74}.Debug|x86.Build.0 = Debug|Any CPU
		{8EAD097C-7EDD-4745-848E-FEDCE15EDA74}.Release|Any CPU.ActiveCfg = Release|Any CPU
		{8EAD097C-7EDD-4745-848E-FEDCE15EDA74}.Release|Any CPU.Build.0 = Release|Any CPU
		{8EAD097C-7EDD-4745-848E-FEDCE15EDA74}.Release|x64.ActiveCfg = Release|Any CPU
		{8EAD097C-7EDD-4745-848E-FEDCE15EDA74}.Release|x64.Build.0 = Release|Any CPU
		{8EAD097C-7EDD-4745-848E-FEDCE15EDA74}.Release|x86.ActiveCfg = Release|Any CPU
		{8EAD097C-7EDD-4745-848E-FEDCE15EDA74}.Release|x86.Build.0 = Release|Any CPU
		{92C84569-ECA4-4B0F-8463-909D58D78F02}.Debug|Any CPU.ActiveCfg = Debug|Any CPU
		{92C84569-ECA4-4B0F-8463-909D58D78F02}.Debug|Any CPU.Build.0 = Debug|Any CPU
		{92C84569-ECA4-4B0F-8463-909D58D78F02}.Debug|x64.ActiveCfg = Debug|Any CPU
		{92C84569-ECA4-4B0F-8463-909D58D78F02}.Debug|x64.Build.0 = Debug|Any CPU
		{92C84569-ECA4-4B0F-8463-909D58D78F02}.Debug|x86.ActiveCfg = Debug|Any CPU
		{92C84569-ECA4-4B0F-8463-909D58D78F02}.Debug|x86.Build.0 = Debug|Any CPU
		{92C84569-ECA4-4B0F-8463-909D58D78F02}.Release|Any CPU.ActiveCfg = Release|Any CPU
		{92C84569-ECA4-4B0F-8463-909D58D78F02}.Release|Any CPU.Build.0 = Release|Any CPU
		{92C84569-ECA4-4B0F-8463-909D58D78F02}.Release|x64.ActiveCfg = Release|Any CPU
		{92C84569-ECA4-4B0F-8463-909D58D78F02}.Release|x64.Build.0 = Release|Any CPU
		{92C84569-ECA4-4B0F-8463-909D58D78F02}.Release|x86.ActiveCfg = Release|Any CPU
		{92C84569-ECA4-4B0F-8463-909D58D78F02}.Release|x86.Build.0 = Release|Any CPU
		{C8BA2F0A-D909-40F8-BD79-AC6BD2FDC3BC}.Debug|Any CPU.ActiveCfg = Debug|Any CPU
		{C8BA2F0A-D909-40F8-BD79-AC6BD2FDC3BC}.Debug|Any CPU.Build.0 = Debug|Any CPU
		{C8BA2F0A-D909-40F8-BD79-AC6BD2FDC3BC}.Debug|x64.ActiveCfg = Debug|Any CPU
		{C8BA2F0A-D909-40F8-BD79-AC6BD2FDC3BC}.Debug|x64.Build.0 = Debug|Any CPU
		{C8BA2F0A-D909-40F8-BD79-AC6BD2FDC3BC}.Debug|x86.ActiveCfg = Debug|Any CPU
		{C8BA2F0A-D909-40F8-BD79-AC6BD2FDC3BC}.Debug|x86.Build.0 = Debug|Any CPU
		{C8BA2F0A-D909-40F8-BD79-AC6BD2FDC3BC}.Release|Any CPU.ActiveCfg = Release|Any CPU
		{C8BA2F0A-D909-40F8-BD79-AC6BD2FDC3BC}.Release|Any CPU.Build.0 = Release|Any CPU
		{C8BA2F0A-D909-40F8-BD79-AC6BD2FDC3BC}.Release|x64.ActiveCfg = Release|Any CPU
		{C8BA2F0A-D909-40F8-BD79-AC6BD2FDC3BC}.Release|x64.Build.0 = Release|Any CPU
		{C8BA2F0A-D909-40F8-BD79-AC6BD2FDC3BC}.Release|x86.ActiveCfg = Release|Any CPU
		{C8BA2F0A-D909-40F8-BD79-AC6BD2FDC3BC}.Release|x86.Build.0 = Release|Any CPU
		{6F225614-426A-46BA-A39D-47B13A7EFAB1}.Debug|Any CPU.ActiveCfg = Debug|Any CPU
		{6F225614-426A-46BA-A39D-47B13A7EFAB1}.Debug|Any CPU.Build.0 = Debug|Any CPU
		{6F225614-426A-46BA-A39D-47B13A7EFAB1}.Debug|x64.ActiveCfg = Debug|Any CPU
		{6F225614-426A-46BA-A39D-47B13A7EFAB1}.Debug|x64.Build.0 = Debug|Any CPU
		{6F225614-426A-46BA-A39D-47B13A7EFAB1}.Debug|x86.ActiveCfg = Debug|Any CPU
		{6F225614-426A-46BA-A39D-47B13A7EFAB1}.Debug|x86.Build.0 = Debug|Any CPU
		{6F225614-426A-46BA-A39D-47B13A7EFAB1}.Release|Any CPU.ActiveCfg = Release|Any CPU
		{6F225614-426A-46BA-A39D-47B13A7EFAB1}.Release|Any CPU.Build.0 = Release|Any CPU
		{6F225614-426A-46BA-A39D-47B13A7EFAB1}.Release|x64.ActiveCfg = Release|Any CPU
		{6F225614-426A-46BA-A39D-47B13A7EFAB1}.Release|x64.Build.0 = Release|Any CPU
		{6F225614-426A-46BA-A39D-47B13A7EFAB1}.Release|x86.ActiveCfg = Release|Any CPU
		{6F225614-426A-46BA-A39D-47B13A7EFAB1}.Release|x86.Build.0 = Release|Any CPU
		{70A90092-F4AD-4E22-B508-42463F14829E}.Debug|Any CPU.ActiveCfg = Debug|Any CPU
		{70A90092-F4AD-4E22-B508-42463F14829E}.Debug|Any CPU.Build.0 = Debug|Any CPU
		{70A90092-F4AD-4E22-B508-42463F14829E}.Debug|x64.ActiveCfg = Debug|Any CPU
		{70A90092-F4AD-4E22-B508-42463F14829E}.Debug|x64.Build.0 = Debug|Any CPU
		{70A90092-F4AD-4E22-B508-42463F14829E}.Debug|x86.ActiveCfg = Debug|Any CPU
		{70A90092-F4AD-4E22-B508-42463F14829E}.Debug|x86.Build.0 = Debug|Any CPU
		{70A90092-F4AD-4E22-B508-42463F14829E}.Release|Any CPU.ActiveCfg = Release|Any CPU
		{70A90092-F4AD-4E22-B508-42463F14829E}.Release|Any CPU.Build.0 = Release|Any CPU
		{70A90092-F4AD-4E22-B508-42463F14829E}.Release|x64.ActiveCfg = Release|Any CPU
		{70A90092-F4AD-4E22-B508-42463F14829E}.Release|x64.Build.0 = Release|Any CPU
		{70A90092-F4AD-4E22-B508-42463F14829E}.Release|x86.ActiveCfg = Release|Any CPU
		{70A90092-F4AD-4E22-B508-42463F14829E}.Release|x86.Build.0 = Release|Any CPU
		{B962E6FE-DD4F-4433-865F-B41BEB5DAEAB}.Debug|Any CPU.ActiveCfg = Debug|Any CPU
		{B962E6FE-DD4F-4433-865F-B41BEB5DAEAB}.Debug|Any CPU.Build.0 = Debug|Any CPU
		{B962E6FE-DD4F-4433-865F-B41BEB5DAEAB}.Debug|x64.ActiveCfg = Debug|Any CPU
		{B962E6FE-DD4F-4433-865F-B41BEB5DAEAB}.Debug|x64.Build.0 = Debug|Any CPU
		{B962E6FE-DD4F-4433-865F-B41BEB5DAEAB}.Debug|x86.ActiveCfg = Debug|Any CPU
		{B962E6FE-DD4F-4433-865F-B41BEB5DAEAB}.Debug|x86.Build.0 = Debug|Any CPU
		{B962E6FE-DD4F-4433-865F-B41BEB5DAEAB}.Release|Any CPU.ActiveCfg = Release|Any CPU
		{B962E6FE-DD4F-4433-865F-B41BEB5DAEAB}.Release|Any CPU.Build.0 = Release|Any CPU
		{B962E6FE-DD4F-4433-865F-B41BEB5DAEAB}.Release|x64.ActiveCfg = Release|Any CPU
		{B962E6FE-DD4F-4433-865F-B41BEB5DAEAB}.Release|x64.Build.0 = Release|Any CPU
		{B962E6FE-DD4F-4433-865F-B41BEB5DAEAB}.Release|x86.ActiveCfg = Release|Any CPU
		{B962E6FE-DD4F-4433-865F-B41BEB5DAEAB}.Release|x86.Build.0 = Release|Any CPU
	EndGlobalSection
	GlobalSection(NestedProjects) = preSolution
		{505CB818-CDCB-45CA-AEE1-499CADFF4865} = {08B6E81C-E20A-4A91-86A6-B3CEAC33DE28}
		{84971769-EFBE-4422-8BA0-B6C79F654A65} = {08B6E81C-E20A-4A91-86A6-B3CEAC33DE28}
		{8EAD097C-7EDD-4745-848E-FEDCE15EDA74} = {08B6E81C-E20A-4A91-86A6-B3CEAC33DE28}
		{92C84569-ECA4-4B0F-8463-909D58D78F02} = {08B6E81C-E20A-4A91-86A6-B3CEAC33DE28}
		{C8BA2F0A-D909-40F8-BD79-AC6BD2FDC3BC} = {08B6E81C-E20A-4A91-86A6-B3CEAC33DE28}
		{6F225614-426A-46BA-A39D-47B13A7EFAB1} = {9E51528D-5BF8-4379-995C-FE9E70EE6205}
		{70A90092-F4AD-4E22-B508-42463F14829E} = {9E51528D-5BF8-4379-995C-FE9E70EE6205}
		{B962E6FE-DD4F-4433-865F-B41BEB5DAEAB} = {9E51528D-5BF8-4379-995C-FE9E70EE6205}
	EndGlobalSection
EndGlobal
